// !$*UTF8*$!
{
	archiveVersion = 1;
	classes = {
	};
	objectVersion = 50;
	objects = {

/* Begin PBXBuildFile section */
		6F39D9E02384E68800BB2579 /* AppDelegate.swift in Sources */ = {isa = PBXBuildFile; fileRef = 6F39D9DF2384E68800BB2579 /* AppDelegate.swift */; };
		6F39D9E42384E68800BB2579 /* ViewController.swift in Sources */ = {isa = PBXBuildFile; fileRef = 6F39D9E32384E68800BB2579 /* ViewController.swift */; };
		6F39D9E92384E68B00BB2579 /* Assets.xcassets in Resources */ = {isa = PBXBuildFile; fileRef = 6F39D9E82384E68B00BB2579 /* Assets.xcassets */; };
		6F39D9EC2384E68B00BB2579 /* LaunchScreen.storyboard in Resources */ = {isa = PBXBuildFile; fileRef = 6F39D9EA2384E68B00BB2579 /* LaunchScreen.storyboard */; };
		6F39D9F82384EF2B00BB2579 /* Club.swift in Sources */ = {isa = PBXBuildFile; fileRef = 6F39D9F72384EF2B00BB2579 /* Club.swift */; };
		6F39D9FA2384EFBA00BB2579 /* ClubCollectionViewCell.swift in Sources */ = {isa = PBXBuildFile; fileRef = 6F39D9F92384EFBA00BB2579 /* ClubCollectionViewCell.swift */; };
		6F39D9FC2384F74D00BB2579 /* IndClubViewController.swift in Sources */ = {isa = PBXBuildFile; fileRef = 6F39D9FB2384F74D00BB2579 /* IndClubViewController.swift */; };
/* End PBXBuildFile section */

/* Begin PBXFileReference section */
		6F39D9DC2384E68800BB2579 /* CornellClubs.app */ = {isa = PBXFileReference; explicitFileType = wrapper.application; includeInIndex = 0; path = CornellClubs.app; sourceTree = BUILT_PRODUCTS_DIR; };
		6F39D9DF2384E68800BB2579 /* AppDelegate.swift */ = {isa = PBXFileReference; lastKnownFileType = sourcecode.swift; path = AppDelegate.swift; sourceTree = "<group>"; };
		6F39D9E32384E68800BB2579 /* ViewController.swift */ = {isa = PBXFileReference; lastKnownFileType = sourcecode.swift; path = ViewController.swift; sourceTree = "<group>"; };
		6F39D9E82384E68B00BB2579 /* Assets.xcassets */ = {isa = PBXFileReference; lastKnownFileType = folder.assetcatalog; path = Assets.xcassets; sourceTree = "<group>"; };
		6F39D9EB2384E68B00BB2579 /* Base */ = {isa = PBXFileReference; lastKnownFileType = file.storyboard; name = Base; path = Base.lproj/LaunchScreen.storyboard; sourceTree = "<group>"; };
		6F39D9ED2384E68B00BB2579 /* Info.plist */ = {isa = PBXFileReference; lastKnownFileType = text.plist.xml; path = Info.plist; sourceTree = "<group>"; };
		6F39D9F72384EF2B00BB2579 /* Club.swift */ = {isa = PBXFileReference; lastKnownFileType = sourcecode.swift; path = Club.swift; sourceTree = "<group>"; };
		6F39D9F92384EFBA00BB2579 /* ClubCollectionViewCell.swift */ = {isa = PBXFileReference; lastKnownFileType = sourcecode.swift; path = ClubCollectionViewCell.swift; sourceTree = "<group>"; };
		6F39D9FB2384F74D00BB2579 /* IndClubViewController.swift */ = {isa = PBXFileReference; lastKnownFileType = sourcecode.swift; path = IndClubViewController.swift; sourceTree = "<group>"; };
/* End PBXFileReference section */

/* Begin PBXFrameworksBuildPhase section */
		6F39D9D92384E68800BB2579 /* Frameworks */ = {
			isa = PBXFrameworksBuildPhase;
			buildActionMask = 2147483647;
			files = (
			);
			runOnlyForDeploymentPostprocessing = 0;
		};
/* End PBXFrameworksBuildPhase section */

/* Begin PBXGroup section */
		6F39D9D32384E68800BB2579 = {
			isa = PBXGroup;
			children = (
				6F39D9DE2384E68800BB2579 /* CornellClubs */,
				6F39D9DD2384E68800BB2579 /* Products */,
			);
			sourceTree = "<group>";
		};
		6F39D9DD2384E68800BB2579 /* Products */ = {
			isa = PBXGroup;
			children = (
				6F39D9DC2384E68800BB2579 /* CornellClubs.app */,
			);
			name = Products;
			sourceTree = "<group>";
		};
		6F39D9DE2384E68800BB2579 /* CornellClubs */ = {
			isa = PBXGroup;
			children = (
				6F39D9DF2384E68800BB2579 /* AppDelegate.swift */,
				6F39D9E32384E68800BB2579 /* ViewController.swift */,
				6F39D9FB2384F74D00BB2579 /* IndClubViewController.swift */,
				6F39D9F72384EF2B00BB2579 /* Club.swift */,
				6F39D9E82384E68B00BB2579 /* Assets.xcassets */,
				6F39D9F92384EFBA00BB2579 /* ClubCollectionViewCell.swift */,
				6F39D9EA2384E68B00BB2579 /* LaunchScreen.storyboard */,
				6F39D9ED2384E68B00BB2579 /* Info.plist */,
			);
			path = CornellClubs;
			sourceTree = "<group>";
		};
/* End PBXGroup section */

/* Begin PBXNativeTarget section */
		6F39D9DB2384E68800BB2579 /* CornellClubs */ = {
			isa = PBXNativeTarget;
			buildConfigurationList = 6F39D9F02384E68B00BB2579 /* Build configuration list for PBXNativeTarget "CornellClubs" */;
			buildPhases = (
				6F39D9D82384E68800BB2579 /* Sources */,
				6F39D9D92384E68800BB2579 /* Frameworks */,
				6F39D9DA2384E68800BB2579 /* Resources */,
			);
			buildRules = (
			);
			dependencies = (
			);
			name = CornellClubs;
			productName = CornellClubs;
			productReference = 6F39D9DC2384E68800BB2579 /* CornellClubs.app */;
			productType = "com.apple.product-type.application";
		};
/* End PBXNativeTarget section */

/* Begin PBXProject section */
		6F39D9D42384E68800BB2579 /* Project object */ = {
			isa = PBXProject;
			attributes = {
				LastSwiftUpdateCheck = 1120;
				LastUpgradeCheck = 1120;
				ORGANIZATIONNAME = "Calli Sabaitis";
				TargetAttributes = {
					6F39D9DB2384E68800BB2579 = {
						CreatedOnToolsVersion = 11.2;
					};
				};
			};
			buildConfigurationList = 6F39D9D72384E68800BB2579 /* Build configuration list for PBXProject "CornellClubs" */;
			compatibilityVersion = "Xcode 9.3";
			developmentRegion = en;
			hasScannedForEncodings = 0;
			knownRegions = (
				en,
				Base,
			);
			mainGroup = 6F39D9D32384E68800BB2579;
			productRefGroup = 6F39D9DD2384E68800BB2579 /* Products */;
			projectDirPath = "";
			projectRoot = "";
			targets = (
				6F39D9DB2384E68800BB2579 /* CornellClubs */,
			);
		};
/* End PBXProject section */

/* Begin PBXResourcesBuildPhase section */
		6F39D9DA2384E68800BB2579 /* Resources */ = {
			isa = PBXResourcesBuildPhase;
			buildActionMask = 2147483647;
			files = (
				6F39D9EC2384E68B00BB2579 /* LaunchScreen.storyboard in Resources */,
				6F39D9E92384E68B00BB2579 /* Assets.xcassets in Resources */,
			);
			runOnlyForDeploymentPostprocessing = 0;
		};
/* End PBXResourcesBuildPhase section */

/* Begin PBXSourcesBuildPhase section */
		6F39D9D82384E68800BB2579 /* Sources */ = {
			isa = PBXSourcesBuildPhase;
			buildActionMask = 2147483647;
			files = (
				6F39D9FA2384EFBA00BB2579 /* ClubCollectionViewCell.swift in Sources */,
				6F39D9E42384E68800BB2579 /* ViewController.swift in Sources */,
				6F39D9F82384EF2B00BB2579 /* Club.swift in Sources */,
				6F39D9E02384E68800BB2579 /* AppDelegate.swift in Sources */,
				6F39D9FC2384F74D00BB2579 /* IndClubViewController.swift in Sources */,
			);
			runOnlyForDeploymentPostprocessing = 0;
		};
/* End PBXSourcesBuildPhase section */

/* Begin PBXVariantGroup section */
		6F39D9EA2384E68B00BB2579 /* LaunchScreen.storyboard */ = {
			isa = PBXVariantGroup;
			children = (
				6F39D9EB2384E68B00BB2579 /* Base */,
			);
			name = LaunchScreen.storyboard;
			sourceTree = "<group>";
		};
/* End PBXVariantGroup section */

/* Begin XCBuildConfiguration section */
		6F39D9EE2384E68B00BB2579 /* Debug */ = {
			isa = XCBuildConfiguration;
			buildSettings = {
				ALWAYS_SEARCH_USER_PATHS = NO;
				CLANG_ANALYZER_NONNULL = YES;
				CLANG_ANALYZER_NUMBER_OBJECT_CONVERSION = YES_AGGRESSIVE;
				CLANG_CXX_LANGUAGE_STANDARD = "gnu++14";
				CLANG_CXX_LIBRARY = "libc++";
				CLANG_ENABLE_MODULES = YES;
				CLANG_ENABLE_OBJC_ARC = YES;
				CLANG_ENABLE_OBJC_WEAK = YES;
				CLANG_WARN_BLOCK_CAPTURE_AUTORELEASING = YES;
				CLANG_WARN_BOOL_CONVERSION = YES;
				CLANG_WARN_COMMA = YES;
				CLANG_WARN_CONSTANT_CONVERSION = YES;
				CLANG_WARN_DEPRECATED_OBJC_IMPLEMENTATIONS = YES;
				CLANG_WARN_DIRECT_OBJC_ISA_USAGE = YES_ERROR;
				CLANG_WARN_DOCUMENTATION_COMMENTS = YES;
				CLANG_WARN_EMPTY_BODY = YES;
				CLANG_WARN_ENUM_CONVERSION = YES;
				CLANG_WARN_INFINITE_RECURSION = YES;
				CLANG_WARN_INT_CONVERSION = YES;
				CLANG_WARN_NON_LITERAL_NULL_CONVERSION = YES;
				CLANG_WARN_OBJC_IMPLICIT_RETAIN_SELF = YES;
				CLANG_WARN_OBJC_LITERAL_CONVERSION = YES;
				CLANG_WARN_OBJC_ROOT_CLASS = YES_ERROR;
				CLANG_WARN_RANGE_LOOP_ANALYSIS = YES;
				CLANG_WARN_STRICT_PROTOTYPES = YES;
				CLANG_WARN_SUSPICIOUS_MOVE = YES;
				CLANG_WARN_UNGUARDED_AVAILABILITY = YES_AGGRESSIVE;
				CLANG_WARN_UNREACHABLE_CODE = YES;
				CLANG_WARN__DUPLICATE_METHOD_MATCH = YES;
				COPY_PHASE_STRIP = NO;
				DEBUG_INFORMATION_FORMAT = dwarf;
				ENABLE_STRICT_OBJC_MSGSEND = YES;
				ENABLE_TESTABILITY = YES;
				GCC_C_LANGUAGE_STANDARD = gnu11;
				GCC_DYNAMIC_NO_PIC = NO;
				GCC_NO_COMMON_BLOCKS = YES;
				GCC_OPTIMIZATION_LEVEL = 0;
				GCC_PREPROCESSOR_DEFINITIONS = (
					"DEBUG=1",
					"$(inherited)",
				);
				GCC_WARN_64_TO_32_BIT_CONVERSION = YES;
				GCC_WARN_ABOUT_RETURN_TYPE = YES_ERROR;
				GCC_WARN_UNDECLARED_SELECTOR = YES;
				GCC_WARN_UNINITIALIZED_AUTOS = YES_AGGRESSIVE;
				GCC_WARN_UNUSED_FUNCTION = YES;
				GCC_WARN_UNUSED_VARIABLE = YES;
				IPHONEOS_DEPLOYMENT_TARGET = 13.2;
				MTL_ENABLE_DEBUG_INFO = INCLUDE_SOURCE;
				MTL_FAST_MATH = YES;
				ONLY_ACTIVE_ARCH = YES;
				SDKROOT = iphoneos;
				SWIFT_ACTIVE_COMPILATION_CONDITIONS = DEBUG;
				SWIFT_OPTIMIZATION_LEVEL = "-Onone";
			};
			name = Debug;
		};
		6F39D9EF2384E68B00BB2579 /* Release */ = {
			isa = XCBuildConfiguration;
			buildSettings = {
				ALWAYS_SEARCH_USER_PATHS = NO;
				CLANG_ANALYZER_NONNULL = YES;
				CLANG_ANALYZER_NUMBER_OBJECT_CONVERSION = YES_AGGRESSIVE;
				CLANG_CXX_LANGUAGE_STANDARD = "gnu++14";
				CLANG_CXX_LIBRARY = "libc++";
				CLANG_ENABLE_MODULES = YES;
				CLANG_ENABLE_OBJC_ARC = YES;
				CLANG_ENABLE_OBJC_WEAK = YES;
				CLANG_WARN_BLOCK_CAPTURE_AUTORELEASING = YES;
				CLANG_WARN_BOOL_CONVERSION = YES;
				CLANG_WARN_COMMA = YES;
				CLANG_WARN_CONSTANT_CONVERSION = YES;
				CLANG_WARN_DEPRECATED_OBJC_IMPLEMENTATIONS = YES;
				CLANG_WARN_DIRECT_OBJC_ISA_USAGE = YES_ERROR;
				CLANG_WARN_DOCUMENTATION_COMMENTS = YES;
				CLANG_WARN_EMPTY_BODY = YES;
				CLANG_WARN_ENUM_CONVERSION = YES;
				CLANG_WARN_INFINITE_RECURSION = YES;
				CLANG_WARN_INT_CONVERSION = YES;
				CLANG_WARN_NON_LITERAL_NULL_CONVERSION = YES;
				CLANG_WARN_OBJC_IMPLICIT_RETAIN_SELF = YES;
				CLANG_WARN_OBJC_LITERAL_CONVERSION = YES;
				CLANG_WARN_OBJC_ROOT_CLASS = YES_ERROR;
				CLANG_WARN_RANGE_LOOP_ANALYSIS = YES;
				CLANG_WARN_STRICT_PROTOTYPES = YES;
				CLANG_WARN_SUSPICIOUS_MOVE = YES;
				CLANG_WARN_UNGUARDED_AVAILABILITY = YES_AGGRESSIVE;
				CLANG_WARN_UNREACHABLE_CODE = YES;
				CLANG_WARN__DUPLICATE_METHOD_MATCH = YES;
				COPY_PHASE_STRIP = NO;
				DEBUG_INFORMATION_FORMAT = "dwarf-with-dsym";
				ENABLE_NS_ASSERTIONS = NO;
				ENABLE_STRICT_OBJC_MSGSEND = YES;
				GCC_C_LANGUAGE_STANDARD = gnu11;
				GCC_NO_COMMON_BLOCKS = YES;
				GCC_WARN_64_TO_32_BIT_CONVERSION = YES;
				GCC_WARN_ABOUT_RETURN_TYPE = YES_ERROR;
				GCC_WARN_UNDECLARED_SELECTOR = YES;
				GCC_WARN_UNINITIALIZED_AUTOS = YES_AGGRESSIVE;
				GCC_WARN_UNUSED_FUNCTION = YES;
				GCC_WARN_UNUSED_VARIABLE = YES;
				IPHONEOS_DEPLOYMENT_TARGET = 13.2;
				MTL_ENABLE_DEBUG_INFO = NO;
				MTL_FAST_MATH = YES;
				SDKROOT = iphoneos;
				SWIFT_COMPILATION_MODE = wholemodule;
				SWIFT_OPTIMIZATION_LEVEL = "-O";
				VALIDATE_PRODUCT = YES;
			};
			name = Release;
		};
		6F39D9F12384E68B00BB2579 /* Debug */ = {
			isa = XCBuildConfiguration;
			buildSettings = {
				ASSETCATALOG_COMPILER_APPICON_NAME = AppIcon;
				CODE_SIGN_STYLE = Automatic;
				INFOPLIST_FILE = CornellClubs/Info.plist;
				LD_RUNPATH_SEARCH_PATHS = (
					"$(inherited)",
					"@executable_path/Frameworks",
				);
				PRODUCT_BUNDLE_IDENTIFIER = css274.CornellClubs;
				PRODUCT_NAME = "$(TARGET_NAME)";
				SWIFT_VERSION = 5.0;
				TARGETED_DEVICE_FAMILY = "1,2";
			};
			name = Debug;
		};
		6F39D9F22384E68B00BB2579 /* Release */ = {
			isa = XCBuildConfiguration;
			buildSettings = {
				ASSETCATALOG_COMPILER_APPICON_NAME = AppIcon;
				CODE_SIGN_STYLE = Automatic;
				INFOPLIST_FILE = CornellClubs/Info.plist;
				LD_RUNPATH_SEARCH_PATHS = (
					"$(inherited)",
					"@executable_path/Frameworks",
				);
				PRODUCT_BUNDLE_IDENTIFIER = css274.CornellClubs;
				PRODUCT_NAME = "$(TARGET_NAME)";
				SWIFT_VERSION = 5.0;
				TARGETED_DEVICE_FAMILY = "1,2";
			};
			name = Release;
		};
/* End XCBuildConfiguration section */

/* Begin XCConfigurationList section */
		6F39D9D72384E68800BB2579 /* Build configuration list for PBXProject "CornellClubs" */ = {
			isa = XCConfigurationList;
			buildConfigurations = (
				6F39D9EE2384E68B00BB2579 /* Debug */,
				6F39D9EF2384E68B00BB2579 /* Release */,
			);
			defaultConfigurationIsVisible = 0;
			defaultConfigurationName = Release;
		};
		6F39D9F02384E68B00BB2579 /* Build configuration list for PBXNativeTarget "CornellClubs" */ = {
			isa = XCConfigurationList;
			buildConfigurations = (
				6F39D9F12384E68B00BB2579 /* Debug */,
				6F39D9F22384E68B00BB2579 /* Release */,
			);
			defaultConfigurationIsVisible = 0;
			defaultConfigurationName = Release;
		};
/* End XCConfigurationList section */
	};
	rootObject = 6F39D9D42384E68800BB2579 /* Project object */;
}
